// !$*UTF8*$!
{
	archiveVersion = 1;
	classes = {
	};
	objectVersion = 50;
	objects = {

/* Begin PBXBuildFile section */
		0E24592E25CE38D200175493 /* LandmarkRow.swift in Sources */ = {isa = PBXBuildFile; fileRef = 0E24592D25CE38D200175493 /* LandmarkRow.swift */; };
		0E24593125CE498C00175493 /* LandmarkList.swift in Sources */ = {isa = PBXBuildFile; fileRef = 0E24593025CE498C00175493 /* LandmarkList.swift */; };
		0E3838F425D258E4000700A7 /* BadgeSymbol.swift in Sources */ = {isa = PBXBuildFile; fileRef = 0E3838F325D258E4000700A7 /* BadgeSymbol.swift */; };
		0E3838F725D26C08000700A7 /* RotatedBadgeSymbol.swift in Sources */ = {isa = PBXBuildFile; fileRef = 0E3838F625D26C08000700A7 /* RotatedBadgeSymbol.swift */; };
		0E3838FA25D26CEF000700A7 /* Badge.swift in Sources */ = {isa = PBXBuildFile; fileRef = 0E3838F925D26CEF000700A7 /* Badge.swift */; };
		0E60C45B25CE03DF006F6C08 /* LandmarksApp.swift in Sources */ = {isa = PBXBuildFile; fileRef = 0E60C45A25CE03DF006F6C08 /* LandmarksApp.swift */; };
		0E60C45D25CE03DF006F6C08 /* ContentView.swift in Sources */ = {isa = PBXBuildFile; fileRef = 0E60C45C25CE03DF006F6C08 /* ContentView.swift */; };
		0E60C45F25CE03DF006F6C08 /* Assets.xcassets in Resources */ = {isa = PBXBuildFile; fileRef = 0E60C45E25CE03DF006F6C08 /* Assets.xcassets */; };
		0E60C46225CE03DF006F6C08 /* Preview Assets.xcassets in Resources */ = {isa = PBXBuildFile; fileRef = 0E60C46125CE03DF006F6C08 /* Preview Assets.xcassets */; };
		0E60C46B25CE10C0006F6C08 /* CircleImage.swift in Sources */ = {isa = PBXBuildFile; fileRef = 0E60C46A25CE10C0006F6C08 /* CircleImage.swift */; };
		0E60C46E25CE12BB006F6C08 /* MapView.swift in Sources */ = {isa = PBXBuildFile; fileRef = 0E60C46D25CE12BB006F6C08 /* MapView.swift */; };
		0E60C47125CE2760006F6C08 /* landmarkData.json in Resources */ = {isa = PBXBuildFile; fileRef = 0E60C47025CE2760006F6C08 /* landmarkData.json */; };
		0E60C47C25CE282A006F6C08 /* Landmark.swift in Sources */ = {isa = PBXBuildFile; fileRef = 0E60C47B25CE282A006F6C08 /* Landmark.swift */; };
		0E60C49725CE2AC2006F6C08 /* ModelData.swift in Sources */ = {isa = PBXBuildFile; fileRef = 0E60C49625CE2AC2006F6C08 /* ModelData.swift */; };
		0E618EFD25D081B40009D2DD /* FavoriteButton.swift in Sources */ = {isa = PBXBuildFile; fileRef = 0E618EFC25D081B40009D2DD /* FavoriteButton.swift */; };
		0E618F0425D0883E0009D2DD /* LandmarkDetail.swift in Sources */ = {isa = PBXBuildFile; fileRef = 0E618F0325D0883E0009D2DD /* LandmarkDetail.swift */; };
		0EA88C1025D2276F00FD434F /* HexagonParameters.swift in Sources */ = {isa = PBXBuildFile; fileRef = 0EA88C0F25D2276F00FD434F /* HexagonParameters.swift */; };
		0EA88C1725D22C4B00FD434F /* BadgeBackground.swift in Sources */ = {isa = PBXBuildFile; fileRef = 0EA88C1625D22C4B00FD434F /* BadgeBackground.swift */; };
/* End PBXBuildFile section */

/* Begin PBXFileReference section */
		0E24592D25CE38D200175493 /* LandmarkRow.swift */ = {isa = PBXFileReference; lastKnownFileType = sourcecode.swift; path = LandmarkRow.swift; sourceTree = "<group>"; };
		0E24593025CE498C00175493 /* LandmarkList.swift */ = {isa = PBXFileReference; lastKnownFileType = sourcecode.swift; path = LandmarkList.swift; sourceTree = "<group>"; };
		0E3838F325D258E4000700A7 /* BadgeSymbol.swift */ = {isa = PBXFileReference; lastKnownFileType = sourcecode.swift; path = BadgeSymbol.swift; sourceTree = "<group>"; };
		0E3838F625D26C08000700A7 /* RotatedBadgeSymbol.swift */ = {isa = PBXFileReference; lastKnownFileType = sourcecode.swift; path = RotatedBadgeSymbol.swift; sourceTree = "<group>"; };
		0E3838F925D26CEF000700A7 /* Badge.swift */ = {isa = PBXFileReference; lastKnownFileType = sourcecode.swift; path = Badge.swift; sourceTree = "<group>"; };
		0E60C45725CE03DF006F6C08 /* Landmarks.app */ = {isa = PBXFileReference; explicitFileType = wrapper.application; includeInIndex = 0; path = Landmarks.app; sourceTree = BUILT_PRODUCTS_DIR; };
		0E60C45A25CE03DF006F6C08 /* LandmarksApp.swift */ = {isa = PBXFileReference; lastKnownFileType = sourcecode.swift; path = LandmarksApp.swift; sourceTree = "<group>"; };
		0E60C45C25CE03DF006F6C08 /* ContentView.swift */ = {isa = PBXFileReference; lastKnownFileType = sourcecode.swift; path = ContentView.swift; sourceTree = "<group>"; };
		0E60C45E25CE03DF006F6C08 /* Assets.xcassets */ = {isa = PBXFileReference; lastKnownFileType = folder.assetcatalog; path = Assets.xcassets; sourceTree = "<group>"; };
		0E60C46125CE03DF006F6C08 /* Preview Assets.xcassets */ = {isa = PBXFileReference; lastKnownFileType = folder.assetcatalog; path = "Preview Assets.xcassets"; sourceTree = "<group>"; };
		0E60C46325CE03DF006F6C08 /* Info.plist */ = {isa = PBXFileReference; lastKnownFileType = text.plist.xml; path = Info.plist; sourceTree = "<group>"; };
		0E60C46A25CE10C0006F6C08 /* CircleImage.swift */ = {isa = PBXFileReference; lastKnownFileType = sourcecode.swift; path = CircleImage.swift; sourceTree = "<group>"; };
		0E60C46D25CE12BB006F6C08 /* MapView.swift */ = {isa = PBXFileReference; lastKnownFileType = sourcecode.swift; path = MapView.swift; sourceTree = "<group>"; };
		0E60C47025CE2760006F6C08 /* landmarkData.json */ = {isa = PBXFileReference; fileEncoding = 4; lastKnownFileType = text.json; path = landmarkData.json; sourceTree = "<group>"; };
		0E60C47B25CE282A006F6C08 /* Landmark.swift */ = {isa = PBXFileReference; lastKnownFileType = sourcecode.swift; path = Landmark.swift; sourceTree = "<group>"; };
		0E60C49625CE2AC2006F6C08 /* ModelData.swift */ = {isa = PBXFileReference; lastKnownFileType = sourcecode.swift; path = ModelData.swift; sourceTree = "<group>"; };
		0E618EFC25D081B40009D2DD /* FavoriteButton.swift */ = {isa = PBXFileReference; lastKnownFileType = sourcecode.swift; path = FavoriteButton.swift; sourceTree = "<group>"; };
		0E618F0325D0883E0009D2DD /* LandmarkDetail.swift */ = {isa = PBXFileReference; lastKnownFileType = sourcecode.swift; path = LandmarkDetail.swift; sourceTree = "<group>"; };
		0EA88C0F25D2276F00FD434F /* HexagonParameters.swift */ = {isa = PBXFileReference; lastKnownFileType = sourcecode.swift; path = HexagonParameters.swift; sourceTree = "<group>"; };
		0EA88C1625D22C4B00FD434F /* BadgeBackground.swift */ = {isa = PBXFileReference; lastKnownFileType = sourcecode.swift; path = BadgeBackground.swift; sourceTree = "<group>"; };
/* End PBXFileReference section */

/* Begin PBXFrameworksBuildPhase section */
		0E60C45425CE03DF006F6C08 /* Frameworks */ = {
			isa = PBXFrameworksBuildPhase;
			buildActionMask = 2147483647;
			files = (
			);
			runOnlyForDeploymentPostprocessing = 0;
		};
/* End PBXFrameworksBuildPhase section */

/* Begin PBXGroup section */
		0E60C44E25CE03DF006F6C08 = {
			isa = PBXGroup;
			children = (
				0E60C45925CE03DF006F6C08 /* Landmarks */,
				0E60C45825CE03DF006F6C08 /* Products */,
			);
			sourceTree = "<group>";
		};
		0E60C45825CE03DF006F6C08 /* Products */ = {
			isa = PBXGroup;
			children = (
				0E60C45725CE03DF006F6C08 /* Landmarks.app */,
			);
			name = Products;
			sourceTree = "<group>";
		};
		0E60C45925CE03DF006F6C08 /* Landmarks */ = {
			isa = PBXGroup;
			children = (
				0E60C49B25CE2C22006F6C08 /* Views */,
				0E60C49A25CE2BFA006F6C08 /* Model */,
				0E60C49925CE2BEE006F6C08 /* Resources */,
				0E60C45A25CE03DF006F6C08 /* LandmarksApp.swift */,
				0E60C45E25CE03DF006F6C08 /* Assets.xcassets */,
				0E3838F325D258E4000700A7 /* BadgeSymbol.swift */,
				0E3838F625D26C08000700A7 /* RotatedBadgeSymbol.swift */,
				0E3838F925D26CEF000700A7 /* Badge.swift */,
				0E60C46325CE03DF006F6C08 /* Info.plist */,
				0E60C46025CE03DF006F6C08 /* Preview Content */,
			);
			path = Landmarks;
			sourceTree = "<group>";
		};
		0E60C46025CE03DF006F6C08 /* Preview Content */ = {
			isa = PBXGroup;
			children = (
				0E60C46125CE03DF006F6C08 /* Preview Assets.xcassets */,
			);
			path = "Preview Content";
			sourceTree = "<group>";
		};
		0E60C49925CE2BEE006F6C08 /* Resources */ = {
			isa = PBXGroup;
			children = (
				0E60C47025CE2760006F6C08 /* landmarkData.json */,
			);
			path = Resources;
			sourceTree = "<group>";
		};
		0E60C49A25CE2BFA006F6C08 /* Model */ = {
			isa = PBXGroup;
			children = (
				0E60C49625CE2AC2006F6C08 /* ModelData.swift */,
				0E60C47B25CE282A006F6C08 /* Landmark.swift */,
			);
			path = Model;
			sourceTree = "<group>";
		};
		0E60C49B25CE2C22006F6C08 /* Views */ = {
			isa = PBXGroup;
			children = (
				0E60C45C25CE03DF006F6C08 /* ContentView.swift */,
				0E618F0025D082E80009D2DD /* Helpers */,
				0E618EFF25D082DF0009D2DD /* Landmarks */,
				0EA88C0F25D2276F00FD434F /* HexagonParameters.swift */,
				0EA88C1625D22C4B00FD434F /* BadgeBackground.swift */,
			);
			name = Views;
			path = Model/Views;
			sourceTree = "<group>";
		};
		0E618EFF25D082DF0009D2DD /* Landmarks */ = {
			isa = PBXGroup;
			children = (
				0E24592D25CE38D200175493 /* LandmarkRow.swift */,
				0E24593025CE498C00175493 /* LandmarkList.swift */,
				0E618F0325D0883E0009D2DD /* LandmarkDetail.swift */,
			);
			path = Landmarks;
			sourceTree = "<group>";
		};
		0E618F0025D082E80009D2DD /* Helpers */ = {
			isa = PBXGroup;
			children = (
				0E60C46D25CE12BB006F6C08 /* MapView.swift */,
				0E60C46A25CE10C0006F6C08 /* CircleImage.swift */,
				0E618EFC25D081B40009D2DD /* FavoriteButton.swift */,
			);
			path = Helpers;
			sourceTree = "<group>";
		};
/* End PBXGroup section */

/* Begin PBXNativeTarget section */
		0E60C45625CE03DF006F6C08 /* Landmarks */ = {
			isa = PBXNativeTarget;
			buildConfigurationList = 0E60C46625CE03DF006F6C08 /* Build configuration list for PBXNativeTarget "Landmarks" */;
			buildPhases = (
				0E60C45325CE03DF006F6C08 /* Sources */,
				0E60C45425CE03DF006F6C08 /* Frameworks */,
				0E60C45525CE03DF006F6C08 /* Resources */,
			);
			buildRules = (
			);
			dependencies = (
			);
			name = Landmarks;
			productName = Landmarks;
			productReference = 0E60C45725CE03DF006F6C08 /* Landmarks.app */;
			productType = "com.apple.product-type.application";
		};
/* End PBXNativeTarget section */

/* Begin PBXProject section */
		0E60C44F25CE03DF006F6C08 /* Project object */ = {
			isa = PBXProject;
			attributes = {
				LastSwiftUpdateCheck = 1230;
				LastUpgradeCheck = 1230;
				TargetAttributes = {
					0E60C45625CE03DF006F6C08 = {
						CreatedOnToolsVersion = 12.3;
					};
				};
			};
			buildConfigurationList = 0E60C45225CE03DF006F6C08 /* Build configuration list for PBXProject "Landmarks" */;
			compatibilityVersion = "Xcode 9.3";
			developmentRegion = en;
			hasScannedForEncodings = 0;
			knownRegions = (
				en,
				Base,
			);
			mainGroup = 0E60C44E25CE03DF006F6C08;
			productRefGroup = 0E60C45825CE03DF006F6C08 /* Products */;
			projectDirPath = "";
			projectRoot = "";
			targets = (
				0E60C45625CE03DF006F6C08 /* Landmarks */,
			);
		};
/* End PBXProject section */

/* Begin PBXResourcesBuildPhase section */
		0E60C45525CE03DF006F6C08 /* Resources */ = {
			isa = PBXResourcesBuildPhase;
			buildActionMask = 2147483647;
			files = (
				0E60C46225CE03DF006F6C08 /* Preview Assets.xcassets in Resources */,
				0E60C45F25CE03DF006F6C08 /* Assets.xcassets in Resources */,
				0E60C47125CE2760006F6C08 /* landmarkData.json in Resources */,
			);
			runOnlyForDeploymentPostprocessing = 0;
		};
/* End PBXResourcesBuildPhase section */

/* Begin PBXSourcesBuildPhase section */
		0E60C45325CE03DF006F6C08 /* Sources */ = {
			isa = PBXSourcesBuildPhase;
			buildActionMask = 2147483647;
			files = (
				0E60C45D25CE03DF006F6C08 /* ContentView.swift in Sources */,
				0E3838FA25D26CEF000700A7 /* Badge.swift in Sources */,
				0E60C46E25CE12BB006F6C08 /* MapView.swift in Sources */,
				0E60C45B25CE03DF006F6C08 /* LandmarksApp.swift in Sources */,
				0E618EFD25D081B40009D2DD /* FavoriteButton.swift in Sources */,
				0EA88C1025D2276F00FD434F /* HexagonParameters.swift in Sources */,
				0E3838F725D26C08000700A7 /* RotatedBadgeSymbol.swift in Sources */,
				0E3838F425D258E4000700A7 /* BadgeSymbol.swift in Sources */,
				0E24593125CE498C00175493 /* LandmarkList.swift in Sources */,
				0E60C46B25CE10C0006F6C08 /* CircleImage.swift in Sources */,
				0EA88C1725D22C4B00FD434F /* BadgeBackground.swift in Sources */,
				0E60C47C25CE282A006F6C08 /* Landmark.swift in Sources */,
				0E24592E25CE38D200175493 /* LandmarkRow.swift in Sources */,
				0E618F0425D0883E0009D2DD /* LandmarkDetail.swift in Sources */,
				0E60C49725CE2AC2006F6C08 /* ModelData.swift in Sources */,
			);
			runOnlyForDeploymentPostprocessing = 0;
		};
/* End PBXSourcesBuildPhase section */

/* Begin XCBuildConfiguration section */
		0E60C46425CE03DF006F6C08 /* Debug */ = {
			isa = XCBuildConfiguration;
			buildSettings = {
				ALWAYS_SEARCH_USER_PATHS = NO;
				CLANG_ANALYZER_NONNULL = YES;
				CLANG_ANALYZER_NUMBER_OBJECT_CONVERSION = YES_AGGRESSIVE;
				CLANG_CXX_LANGUAGE_STANDARD = "gnu++14";
				CLANG_CXX_LIBRARY = "libc++";
				CLANG_ENABLE_MODULES = YES;
				CLANG_ENABLE_OBJC_ARC = YES;
				CLANG_ENABLE_OBJC_WEAK = YES;
				CLANG_WARN_BLOCK_CAPTURE_AUTORELEASING = YES;
				CLANG_WARN_BOOL_CONVERSION = YES;
				CLANG_WARN_COMMA = YES;
				CLANG_WARN_CONSTANT_CONVERSION = YES;
				CLANG_WARN_DEPRECATED_OBJC_IMPLEMENTATIONS = YES;
				CLANG_WARN_DIRECT_OBJC_ISA_USAGE = YES_ERROR;
				CLANG_WARN_DOCUMENTATION_COMMENTS = YES;
				CLANG_WARN_EMPTY_BODY = YES;
				CLANG_WARN_ENUM_CONVERSION = YES;
				CLANG_WARN_INFINITE_RECURSION = YES;
				CLANG_WARN_INT_CONVERSION = YES;
				CLANG_WARN_NON_LITERAL_NULL_CONVERSION = YES;
				CLANG_WARN_OBJC_IMPLICIT_RETAIN_SELF = YES;
				CLANG_WARN_OBJC_LITERAL_CONVERSION = YES;
				CLANG_WARN_OBJC_ROOT_CLASS = YES_ERROR;
				CLANG_WARN_QUOTED_INCLUDE_IN_FRAMEWORK_HEADER = YES;
				CLANG_WARN_RANGE_LOOP_ANALYSIS = YES;
				CLANG_WARN_STRICT_PROTOTYPES = YES;
				CLANG_WARN_SUSPICIOUS_MOVE = YES;
				CLANG_WARN_UNGUARDED_AVAILABILITY = YES_AGGRESSIVE;
				CLANG_WARN_UNREACHABLE_CODE = YES;
				CLANG_WARN__DUPLICATE_METHOD_MATCH = YES;
				COPY_PHASE_STRIP = NO;
				DEBUG_INFORMATION_FORMAT = dwarf;
				ENABLE_STRICT_OBJC_MSGSEND = YES;
				ENABLE_TESTABILITY = YES;
				GCC_C_LANGUAGE_STANDARD = gnu11;
				GCC_DYNAMIC_NO_PIC = NO;
				GCC_NO_COMMON_BLOCKS = YES;
				GCC_OPTIMIZATION_LEVEL = 0;
				GCC_PREPROCESSOR_DEFINITIONS = (
					"DEBUG=1",
					"$(inherited)",
				);
				GCC_WARN_64_TO_32_BIT_CONVERSION = YES;
				GCC_WARN_ABOUT_RETURN_TYPE = YES_ERROR;
				GCC_WARN_UNDECLARED_SELECTOR = YES;
				GCC_WARN_UNINITIALIZED_AUTOS = YES_AGGRESSIVE;
				GCC_WARN_UNUSED_FUNCTION = YES;
				GCC_WARN_UNUSED_VARIABLE = YES;
				IPHONEOS_DEPLOYMENT_TARGET = 14.3;
				MTL_ENABLE_DEBUG_INFO = INCLUDE_SOURCE;
				MTL_FAST_MATH = YES;
				ONLY_ACTIVE_ARCH = YES;
				SDKROOT = iphoneos;
				SWIFT_ACTIVE_COMPILATION_CONDITIONS = DEBUG;
				SWIFT_OPTIMIZATION_LEVEL = "-Onone";
			};
			name = Debug;
		};
		0E60C46525CE03DF006F6C08 /* Release */ = {
			isa = XCBuildConfiguration;
			buildSettings = {
				ALWAYS_SEARCH_USER_PATHS = NO;
				CLANG_ANALYZER_NONNULL = YES;
				CLANG_ANALYZER_NUMBER_OBJECT_CONVERSION = YES_AGGRESSIVE;
				CLANG_CXX_LANGUAGE_STANDARD = "gnu++14";
				CLANG_CXX_LIBRARY = "libc++";
				CLANG_ENABLE_MODULES = YES;
				CLANG_ENABLE_OBJC_ARC = YES;
				CLANG_ENABLE_OBJC_WEAK = YES;
				CLANG_WARN_BLOCK_CAPTURE_AUTORELEASING = YES;
				CLANG_WARN_BOOL_CONVERSION = YES;
				CLANG_WARN_COMMA = YES;
				CLANG_WARN_CONSTANT_CONVERSION = YES;
				CLANG_WARN_DEPRECATED_OBJC_IMPLEMENTATIONS = YES;
				CLANG_WARN_DIRECT_OBJC_ISA_USAGE = YES_ERROR;
				CLANG_WARN_DOCUMENTATION_COMMENTS = YES;
				CLANG_WARN_EMPTY_BODY = YES;
				CLANG_WARN_ENUM_CONVERSION = YES;
				CLANG_WARN_INFINITE_RECURSION = YES;
				CLANG_WARN_INT_CONVERSION = YES;
				CLANG_WARN_NON_LITERAL_NULL_CONVERSION = YES;
				CLANG_WARN_OBJC_IMPLICIT_RETAIN_SELF = YES;
				CLANG_WARN_OBJC_LITERAL_CONVERSION = YES;
				CLANG_WARN_OBJC_ROOT_CLASS = YES_ERROR;
				CLANG_WARN_QUOTED_INCLUDE_IN_FRAMEWORK_HEADER = YES;
				CLANG_WARN_RANGE_LOOP_ANALYSIS = YES;
				CLANG_WARN_STRICT_PROTOTYPES = YES;
				CLANG_WARN_SUSPICIOUS_MOVE = YES;
				CLANG_WARN_UNGUARDED_AVAILABILITY = YES_AGGRESSIVE;
				CLANG_WARN_UNREACHABLE_CODE = YES;
				CLANG_WARN__DUPLICATE_METHOD_MATCH = YES;
				COPY_PHASE_STRIP = NO;
				DEBUG_INFORMATION_FORMAT = "dwarf-with-dsym";
				ENABLE_NS_ASSERTIONS = NO;
				ENABLE_STRICT_OBJC_MSGSEND = YES;
				GCC_C_LANGUAGE_STANDARD = gnu11;
				GCC_NO_COMMON_BLOCKS = YES;
				GCC_WARN_64_TO_32_BIT_CONVERSION = YES;
				GCC_WARN_ABOUT_RETURN_TYPE = YES_ERROR;
				GCC_WARN_UNDECLARED_SELECTOR = YES;
				GCC_WARN_UNINITIALIZED_AUTOS = YES_AGGRESSIVE;
				GCC_WARN_UNUSED_FUNCTION = YES;
				GCC_WARN_UNUSED_VARIABLE = YES;
				IPHONEOS_DEPLOYMENT_TARGET = 14.3;
				MTL_ENABLE_DEBUG_INFO = NO;
				MTL_FAST_MATH = YES;
				SDKROOT = iphoneos;
				SWIFT_COMPILATION_MODE = wholemodule;
				SWIFT_OPTIMIZATION_LEVEL = "-O";
				VALIDATE_PRODUCT = YES;
			};
			name = Release;
		};
		0E60C46725CE03DF006F6C08 /* Debug */ = {
			isa = XCBuildConfiguration;
			buildSettings = {
				ASSETCATALOG_COMPILER_APPICON_NAME = AppIcon;
				ASSETCATALOG_COMPILER_GLOBAL_ACCENT_COLOR_NAME = AccentColor;
				CODE_SIGN_STYLE = Automatic;
				DEVELOPMENT_ASSET_PATHS = "\"Landmarks/Preview Content\"";
				ENABLE_PREVIEWS = YES;
				INFOPLIST_FILE = Landmarks/Info.plist;
				IPHONEOS_DEPLOYMENT_TARGET = 14.0;
				LD_RUNPATH_SEARCH_PATHS = (
					"$(inherited)",
					"@executable_path/Frameworks",
				);
				PRODUCT_BUNDLE_IDENTIFIER = none.Landmarks;
				PRODUCT_NAME = "$(TARGET_NAME)";
				SWIFT_VERSION = 5.0;
				TARGETED_DEVICE_FAMILY = "1,2";
			};
			name = Debug;
		};
		0E60C46825CE03DF006F6C08 /* Release */ = {
			isa = XCBuildConfiguration;
			buildSettings = {
				ASSETCATALOG_COMPILER_APPICON_NAME = AppIcon;
				ASSETCATALOG_COMPILER_GLOBAL_ACCENT_COLOR_NAME = AccentColor;
				CODE_SIGN_STYLE = Automatic;
				DEVELOPMENT_ASSET_PATHS = "\"Landmarks/Preview Content\"";
				ENABLE_PREVIEWS = YES;
				INFOPLIST_FILE = Landmarks/Info.plist;
				IPHONEOS_DEPLOYMENT_TARGET = 14.0;
				LD_RUNPATH_SEARCH_PATHS = (
					"$(inherited)",
					"@executable_path/Frameworks",
				);
				PRODUCT_BUNDLE_IDENTIFIER = none.Landmarks;
				PRODUCT_NAME = "$(TARGET_NAME)";
				SWIFT_VERSION = 5.0;
				TARGETED_DEVICE_FAMILY = "1,2";
			};
			name = Release;
		};
/* End XCBuildConfiguration section */

/* Begin XCConfigurationList section */
		0E60C45225CE03DF006F6C08 /* Build configuration list for PBXProject "Landmarks" */ = {
			isa = XCConfigurationList;
			buildConfigurations = (
				0E60C46425CE03DF006F6C08 /* Debug */,
				0E60C46525CE03DF006F6C08 /* Release */,
			);
			defaultConfigurationIsVisible = 0;
			defaultConfigurationName = Release;
		};
		0E60C46625CE03DF006F6C08 /* Build configuration list for PBXNativeTarget "Landmarks" */ = {
			isa = XCConfigurationList;
			buildConfigurations = (
				0E60C46725CE03DF006F6C08 /* Debug */,
				0E60C46825CE03DF006F6C08 /* Release */,
			);
			defaultConfigurationIsVisible = 0;
			defaultConfigurationName = Release;
		};
/* End XCConfigurationList section */
	};
	rootObject = 0E60C44F25CE03DF006F6C08 /* Project object */;
}
